
Microsoft Visual Studio Solution File, Format Version 12.00
# Visual Studio Version 17
VisualStudioVersion = 17.6.33712.159
MinimumVisualStudioVersion = 10.0.40219.1
Project("{2150E333-8FDC-42A3-9474-1A3956D46DE8}") = "day1", "day1", "{ED9ADB6B-CBDC-4C46-A724-003962B65B83}"
EndProject
Project("{9A19103F-16F7-4668-BE54-9A1E7A4F7556}") = "task1", "day1\task1\task1.csproj", "{C7AD358E-F233-42C9-AB04-579FE6FFF3DF}"
EndProject
Project("{9A19103F-16F7-4668-BE54-9A1E7A4F7556}") = "task2", "day1\task2\task2.csproj", "{B85DD897-74F5-402C-BA12-43B059AD6DDB}"
EndProject
Project("{2150E333-8FDC-42A3-9474-1A3956D46DE8}") = "day2", "day2", "{37E22D23-7531-48C9-9512-C6B5009E4261}"
EndProject
Project("{9A19103F-16F7-4668-BE54-9A1E7A4F7556}") = "task1", "day2\task1\task1.csproj", "{D5AD83D1-C4B9-464D-B0FA-8B53E167FF90}"
EndProject
Project("{9A19103F-16F7-4668-BE54-9A1E7A4F7556}") = "task2", "day2\task2\task2.csproj", "{2E924C35-36BD-4C78-A5F8-3B070911F83C}"
EndProject
Project("{2150E333-8FDC-42A3-9474-1A3956D46DE8}") = "day3", "day3", "{D6AB1992-5489-436B-9C7B-9D9DAB5BB428}"
EndProject
Project("{FAE04EC0-301F-11D3-BF4B-00C04F79EFBC}") = "task1", "task1\task1.csproj", "{3044CCA8-49EE-4C8B-85F5-29E3653A3492}"
EndProject
Global
	GlobalSection(SolutionConfigurationPlatforms) = preSolution
		Debug|Any CPU = Debug|Any CPU
		Release|Any CPU = Release|Any CPU
	EndGlobalSection
	GlobalSection(ProjectConfigurationPlatforms) = postSolution
		{C7AD358E-F233-42C9-AB04-579FE6FFF3DF}.Debug|Any CPU.ActiveCfg = Debug|Any CPU
		{C7AD358E-F233-42C9-AB04-579FE6FFF3DF}.Debug|Any CPU.Build.0 = Debug|Any CPU
		{C7AD358E-F233-42C9-AB04-579FE6FFF3DF}.Release|Any CPU.ActiveCfg = Release|Any CPU
		{C7AD358E-F233-42C9-AB04-579FE6FFF3DF}.Release|Any CPU.Build.0 = Release|Any CPU
		{B85DD897-74F5-402C-BA12-43B059AD6DDB}.Debug|Any CPU.ActiveCfg = Debug|Any CPU
		{B85DD897-74F5-402C-BA12-43B059AD6DDB}.Debug|Any CPU.Build.0 = Debug|Any CPU
		{B85DD897-74F5-402C-BA12-43B059AD6DDB}.Release|Any CPU.ActiveCfg = Release|Any CPU
		{B85DD897-74F5-402C-BA12-43B059AD6DDB}.Release|Any CPU.Build.0 = Release|Any CPU
		{D5AD83D1-C4B9-464D-B0FA-8B53E167FF90}.Debug|Any CPU.ActiveCfg = Debug|Any CPU
		{D5AD83D1-C4B9-464D-B0FA-8B53E167FF90}.Debug|Any CPU.Build.0 = Debug|Any CPU
		{D5AD83D1-C4B9-464D-B0FA-8B53E167FF90}.Release|Any CPU.ActiveCfg = Release|Any CPU
		{D5AD83D1-C4B9-464D-B0FA-8B53E167FF90}.Release|Any CPU.Build.0 = Release|Any CPU
		{2E924C35-36BD-4C78-A5F8-3B070911F83C}.Debug|Any CPU.ActiveCfg = Debug|Any CPU
		{2E924C35-36BD-4C78-A5F8-3B070911F83C}.Debug|Any CPU.Build.0 = Debug|Any CPU
		{2E924C35-36BD-4C78-A5F8-3B070911F83C}.Release|Any CPU.ActiveCfg = Release|Any CPU
		{2E924C35-36BD-4C78-A5F8-3B070911F83C}.Release|Any CPU.Build.0 = Release|Any CPU
		{3044CCA8-49EE-4C8B-85F5-29E3653A3492}.Debug|Any CPU.ActiveCfg = Debug|Any CPU
		{3044CCA8-49EE-4C8B-85F5-29E3653A3492}.Debug|Any CPU.Build.0 = Debug|Any CPU
		{3044CCA8-49EE-4C8B-85F5-29E3653A3492}.Release|Any CPU.ActiveCfg = Release|Any CPU
		{3044CCA8-49EE-4C8B-85F5-29E3653A3492}.Release|Any CPU.Build.0 = Release|Any CPU
	EndGlobalSection
	GlobalSection(SolutionProperties) = preSolution
		HideSolutionNode = FALSE
	EndGlobalSection
	GlobalSection(NestedProjects) = preSolution
		{C7AD358E-F233-42C9-AB04-579FE6FFF3DF} = {ED9ADB6B-CBDC-4C46-A724-003962B65B83}
		{B85DD897-74F5-402C-BA12-43B059AD6DDB} = {ED9ADB6B-CBDC-4C46-A724-003962B65B83}
		{D5AD83D1-C4B9-464D-B0FA-8B53E167FF90} = {37E22D23-7531-48C9-9512-C6B5009E4261}
		{2E924C35-36BD-4C78-A5F8-3B070911F83C} = {37E22D23-7531-48C9-9512-C6B5009E4261}
		{3044CCA8-49EE-4C8B-85F5-29E3653A3492} = {D6AB1992-5489-436B-9C7B-9D9DAB5BB428}
	EndGlobalSection
	GlobalSection(ExtensibilityGlobals) = postSolution
		SolutionGuid = {E0C08814-D894-4ABB-9E98-C113D4DEF8F6}
	EndGlobalSection
EndGlobal
